// !$*UTF8*$!
{
	archiveVersion = 1;
	classes = {
	};
	objectVersion = 46;
	objects = {

/* Begin PBXBuildFile section */
		106FE1FA0DFA53D30D6AC306 /* Pods_PokeFinder.framework in Frameworks */ = {isa = PBXBuildFile; fileRef = D2AF218DD551755D0675D3D8 /* Pods_PokeFinder.framework */; };
		193F66601F2E2FEF00D7A05E /* AppDelegate.swift in Sources */ = {isa = PBXBuildFile; fileRef = 193F665F1F2E2FEF00D7A05E /* AppDelegate.swift */; };
		193F66621F2E2FEF00D7A05E /* ViewController.swift in Sources */ = {isa = PBXBuildFile; fileRef = 193F66611F2E2FEF00D7A05E /* ViewController.swift */; };
		193F66651F2E2FEF00D7A05E /* Main.storyboard in Resources */ = {isa = PBXBuildFile; fileRef = 193F66631F2E2FEF00D7A05E /* Main.storyboard */; };
		193F66671F2E2FEF00D7A05E /* Assets.xcassets in Resources */ = {isa = PBXBuildFile; fileRef = 193F66661F2E2FEF00D7A05E /* Assets.xcassets */; };
		193F666A1F2E2FF000D7A05E /* LaunchScreen.storyboard in Resources */ = {isa = PBXBuildFile; fileRef = 193F66681F2E2FF000D7A05E /* LaunchScreen.storyboard */; };
		199375E81F2F6A500017C0F3 /* GoogleService-Info.plist in Resources */ = {isa = PBXBuildFile; fileRef = 199375E71F2F6A500017C0F3 /* GoogleService-Info.plist */; };
/* End PBXBuildFile section */

/* Begin PBXFileReference section */
		193F665C1F2E2FEF00D7A05E /* PokeFinder.app */ = {isa = PBXFileReference; explicitFileType = wrapper.application; includeInIndex = 0; path = PokeFinder.app; sourceTree = BUILT_PRODUCTS_DIR; };
		193F665F1F2E2FEF00D7A05E /* AppDelegate.swift */ = {isa = PBXFileReference; lastKnownFileType = sourcecode.swift; path = AppDelegate.swift; sourceTree = "<group>"; };
		193F66611F2E2FEF00D7A05E /* ViewController.swift */ = {isa = PBXFileReference; lastKnownFileType = sourcecode.swift; path = ViewController.swift; sourceTree = "<group>"; };
		193F66641F2E2FEF00D7A05E /* Base */ = {isa = PBXFileReference; lastKnownFileType = file.storyboard; name = Base; path = Base.lproj/Main.storyboard; sourceTree = "<group>"; };
		193F66661F2E2FEF00D7A05E /* Assets.xcassets */ = {isa = PBXFileReference; lastKnownFileType = folder.assetcatalog; path = Assets.xcassets; sourceTree = "<group>"; };
		193F66691F2E2FF000D7A05E /* Base */ = {isa = PBXFileReference; lastKnownFileType = file.storyboard; name = Base; path = Base.lproj/LaunchScreen.storyboard; sourceTree = "<group>"; };
		193F666B1F2E2FF000D7A05E /* Info.plist */ = {isa = PBXFileReference; lastKnownFileType = text.plist.xml; path = Info.plist; sourceTree = "<group>"; };
		199375E71F2F6A500017C0F3 /* GoogleService-Info.plist */ = {isa = PBXFileReference; fileEncoding = 4; lastKnownFileType = text.plist.xml; path = "GoogleService-Info.plist"; sourceTree = "<group>"; };
		CAE5C301CD276E51324A4C2D /* Pods-PokeFinder.debug.xcconfig */ = {isa = PBXFileReference; includeInIndex = 1; lastKnownFileType = text.xcconfig; name = "Pods-PokeFinder.debug.xcconfig"; path = "Pods/Target Support Files/Pods-PokeFinder/Pods-PokeFinder.debug.xcconfig"; sourceTree = "<group>"; };
		CE7BAEAF2003278BD1F8EFD9 /* Pods-PokeFinder.release.xcconfig */ = {isa = PBXFileReference; includeInIndex = 1; lastKnownFileType = text.xcconfig; name = "Pods-PokeFinder.release.xcconfig"; path = "Pods/Target Support Files/Pods-PokeFinder/Pods-PokeFinder.release.xcconfig"; sourceTree = "<group>"; };
		D2AF218DD551755D0675D3D8 /* Pods_PokeFinder.framework */ = {isa = PBXFileReference; explicitFileType = wrapper.framework; includeInIndex = 0; path = Pods_PokeFinder.framework; sourceTree = BUILT_PRODUCTS_DIR; };
/* End PBXFileReference section */

/* Begin PBXFrameworksBuildPhase section */
		193F66591F2E2FEF00D7A05E /* Frameworks */ = {
			isa = PBXFrameworksBuildPhase;
			buildActionMask = 2147483647;
			files = (
				106FE1FA0DFA53D30D6AC306 /* Pods_PokeFinder.framework in Frameworks */,
			);
			runOnlyForDeploymentPostprocessing = 0;
		};
/* End PBXFrameworksBuildPhase section */

/* Begin PBXGroup section */
		193F66531F2E2FEF00D7A05E = {
			isa = PBXGroup;
			children = (
				193F665E1F2E2FEF00D7A05E /* PokeFinder */,
				193F665D1F2E2FEF00D7A05E /* Products */,
				CA3A964AFC9996B9DBCB35EA /* Pods */,
				A462ED8937CF5F444E9EB8F7 /* Frameworks */,
			);
			sourceTree = "<group>";
		};
		193F665D1F2E2FEF00D7A05E /* Products */ = {
			isa = PBXGroup;
			children = (
				193F665C1F2E2FEF00D7A05E /* PokeFinder.app */,
			);
			name = Products;
			sourceTree = "<group>";
		};
		193F665E1F2E2FEF00D7A05E /* PokeFinder */ = {
			isa = PBXGroup;
			children = (
				193F665F1F2E2FEF00D7A05E /* AppDelegate.swift */,
				193F66611F2E2FEF00D7A05E /* ViewController.swift */,
				193F66631F2E2FEF00D7A05E /* Main.storyboard */,
				193F66661F2E2FEF00D7A05E /* Assets.xcassets */,
				193F66681F2E2FF000D7A05E /* LaunchScreen.storyboard */,
				193F666B1F2E2FF000D7A05E /* Info.plist */,
				199375E71F2F6A500017C0F3 /* GoogleService-Info.plist */,
			);
			path = PokeFinder;
			sourceTree = "<group>";
		};
		A462ED8937CF5F444E9EB8F7 /* Frameworks */ = {
			isa = PBXGroup;
			children = (
				D2AF218DD551755D0675D3D8 /* Pods_PokeFinder.framework */,
			);
			name = Frameworks;
			sourceTree = "<group>";
		};
		CA3A964AFC9996B9DBCB35EA /* Pods */ = {
			isa = PBXGroup;
			children = (
				CAE5C301CD276E51324A4C2D /* Pods-PokeFinder.debug.xcconfig */,
				CE7BAEAF2003278BD1F8EFD9 /* Pods-PokeFinder.release.xcconfig */,
			);
			name = Pods;
			sourceTree = "<group>";
		};
/* End PBXGroup section */

/* Begin PBXNativeTarget section */
		193F665B1F2E2FEF00D7A05E /* PokeFinder */ = {
			isa = PBXNativeTarget;
			buildConfigurationList = 193F666E1F2E2FF000D7A05E /* Build configuration list for PBXNativeTarget "PokeFinder" */;
			buildPhases = (
				6EAE7BF8CE8D7CF6643E753A /* [CP] Check Pods Manifest.lock */,
				193F66581F2E2FEF00D7A05E /* Sources */,
				193F66591F2E2FEF00D7A05E /* Frameworks */,
				193F665A1F2E2FEF00D7A05E /* Resources */,
				78AA9535691CCC9A59DA462B /* [CP] Embed Pods Frameworks */,
				7B0D7BE7C9F71390F77EE063 /* [CP] Copy Pods Resources */,
			);
			buildRules = (
			);
			dependencies = (
			);
			name = PokeFinder;
			productName = PokeFinder;
			productReference = 193F665C1F2E2FEF00D7A05E /* PokeFinder.app */;
			productType = "com.apple.product-type.application";
		};
/* End PBXNativeTarget section */

/* Begin PBXProject section */
		193F66541F2E2FEF00D7A05E /* Project object */ = {
			isa = PBXProject;
			attributes = {
				LastSwiftUpdateCheck = 0830;
				LastUpgradeCheck = 0830;
				ORGANIZATIONNAME = rao;
				TargetAttributes = {
					193F665B1F2E2FEF00D7A05E = {
						CreatedOnToolsVersion = 8.3.3;
						DevelopmentTeam = 9A2PDJUEFW;
						ProvisioningStyle = Automatic;
					};
				};
			};
			buildConfigurationList = 193F66571F2E2FEF00D7A05E /* Build configuration list for PBXProject "PokeFinder" */;
			compatibilityVersion = "Xcode 3.2";
			developmentRegion = English;
			hasScannedForEncodings = 0;
			knownRegions = (
				en,
				Base,
			);
			mainGroup = 193F66531F2E2FEF00D7A05E;
			productRefGroup = 193F665D1F2E2FEF00D7A05E /* Products */;
			projectDirPath = "";
			projectRoot = "";
			targets = (
				193F665B1F2E2FEF00D7A05E /* PokeFinder */,
			);
		};
/* End PBXProject section */

/* Begin PBXResourcesBuildPhase section */
		193F665A1F2E2FEF00D7A05E /* Resources */ = {
			isa = PBXResourcesBuildPhase;
			buildActionMask = 2147483647;
			files = (
				193F666A1F2E2FF000D7A05E /* LaunchScreen.storyboard in Resources */,
				199375E81F2F6A500017C0F3 /* GoogleService-Info.plist in Resources */,
				193F66671F2E2FEF00D7A05E /* Assets.xcassets in Resources */,
				193F66651F2E2FEF00D7A05E /* Main.storyboard in Resources */,
			);
			runOnlyForDeploymentPostprocessing = 0;
		};
/* End PBXResourcesBuildPhase section */

/* Begin PBXShellScriptBuildPhase section */
		6EAE7BF8CE8D7CF6643E753A /* [CP] Check Pods Manifest.lock */ = {
			isa = PBXShellScriptBuildPhase;
			buildActionMask = 2147483647;
			files = (
			);
			inputPaths = (
			);
			name = "[CP] Check Pods Manifest.lock";
			outputPaths = (
			);
			runOnlyForDeploymentPostprocessing = 0;
			shellPath = /bin/sh;
			shellScript = "diff \"${PODS_PODFILE_DIR_PATH}/Podfile.lock\" \"${PODS_ROOT}/Manifest.lock\" > /dev/null\nif [ $? != 0 ] ; then\n    # print error to STDERR\n    echo \"error: The sandbox is not in sync with the Podfile.lock. Run 'pod install' or update your CocoaPods installation.\" >&2\n    exit 1\nfi\n";
			showEnvVarsInLog = 0;
		};
		78AA9535691CCC9A59DA462B /* [CP] Embed Pods Frameworks */ = {
			isa = PBXShellScriptBuildPhase;
			buildActionMask = 2147483647;
			files = (
			);
			inputPaths = (
			);
			name = "[CP] Embed Pods Frameworks";
			outputPaths = (
			);
			runOnlyForDeploymentPostprocessing = 0;
			shellPath = /bin/sh;
			shellScript = "\"${SRCROOT}/Pods/Target Support Files/Pods-PokeFinder/Pods-PokeFinder-frameworks.sh\"\n";
			showEnvVarsInLog = 0;
		};
		7B0D7BE7C9F71390F77EE063 /* [CP] Copy Pods Resources */ = {
			isa = PBXShellScriptBuildPhase;
			buildActionMask = 2147483647;
			files = (
			);
			inputPaths = (
			);
			name = "[CP] Copy Pods Resources";
			outputPaths = (
			);
			runOnlyForDeploymentPostprocessing = 0;
			shellPath = /bin/sh;
			shellScript = "\"${SRCROOT}/Pods/Target Support Files/Pods-PokeFinder/Pods-PokeFinder-resources.sh\"\n";
			showEnvVarsInLog = 0;
		};
/* End PBXShellScriptBuildPhase section */

/* Begin PBXSourcesBuildPhase section */
		193F66581F2E2FEF00D7A05E /* Sources */ = {
			isa = PBXSourcesBuildPhase;
			buildActionMask = 2147483647;
			files = (
				193F66621F2E2FEF00D7A05E /* ViewController.swift in Sources */,
				193F66601F2E2FEF00D7A05E /* AppDelegate.swift in Sources */,
			);
			runOnlyForDeploymentPostprocessing = 0;
		};
/* End PBXSourcesBuildPhase section */

/* Begin PBXVariantGroup section */
		193F66631F2E2FEF00D7A05E /* Main.storyboard */ = {
			isa = PBXVariantGroup;
			children = (
				193F66641F2E2FEF00D7A05E /* Base */,
			);
			name = Main.storyboard;
			sourceTree = "<group>";
		};
		193F66681F2E2FF000D7A05E /* LaunchScreen.storyboard */ = {
			isa = PBXVariantGroup;
			children = (
				193F66691F2E2FF000D7A05E /* Base */,
			);
			name = LaunchScreen.storyboard;
			sourceTree = "<group>";
		};
/* End PBXVariantGroup section */

/* Begin XCBuildConfiguration section */
		193F666C1F2E2FF000D7A05E /* Debug */ = {
			isa = XCBuildConfiguration;
			buildSettings = {
				ALWAYS_SEARCH_USER_PATHS = NO;
				CLANG_ANALYZER_NONNULL = YES;
				CLANG_ANALYZER_NUMBER_OBJECT_CONVERSION = YES_AGGRESSIVE;
				CLANG_CXX_LANGUAGE_STANDARD = "gnu++0x";
				CLANG_CXX_LIBRARY = "libc++";
				CLANG_ENABLE_MODULES = YES;
				CLANG_ENABLE_OBJC_ARC = YES;
				CLANG_WARN_BOOL_CONVERSION = YES;
				CLANG_WARN_CONSTANT_CONVERSION = YES;
				CLANG_WARN_DIRECT_OBJC_ISA_USAGE = YES_ERROR;
				CLANG_WARN_DOCUMENTATION_COMMENTS = YES;
				CLANG_WARN_EMPTY_BODY = YES;
				CLANG_WARN_ENUM_CONVERSION = YES;
				CLANG_WARN_INFINITE_RECURSION = YES;
				CLANG_WARN_INT_CONVERSION = YES;
				CLANG_WARN_OBJC_ROOT_CLASS = YES_ERROR;
				CLANG_WARN_SUSPICIOUS_MOVE = YES;
				CLANG_WARN_UNREACHABLE_CODE = YES;
				CLANG_WARN__DUPLICATE_METHOD_MATCH = YES;
				"CODE_SIGN_IDENTITY[sdk=iphoneos*]" = "iPhone Developer";
				COPY_PHASE_STRIP = NO;
				DEBUG_INFORMATION_FORMAT = dwarf;
				ENABLE_STRICT_OBJC_MSGSEND = YES;
				ENABLE_TESTABILITY = YES;
				GCC_C_LANGUAGE_STANDARD = gnu99;
				GCC_DYNAMIC_NO_PIC = NO;
				GCC_NO_COMMON_BLOCKS = YES;
				GCC_OPTIMIZATION_LEVEL = 0;
				GCC_PREPROCESSOR_DEFINITIONS = (
					"DEBUG=1",
					"$(inherited)",
				);
				GCC_WARN_64_TO_32_BIT_CONVERSION = YES;
				GCC_WARN_ABOUT_RETURN_TYPE = YES_ERROR;
				GCC_WARN_UNDECLARED_SELECTOR = YES;
				GCC_WARN_UNINITIALIZED_AUTOS = YES_AGGRESSIVE;
				GCC_WARN_UNUSED_FUNCTION = YES;
				GCC_WARN_UNUSED_VARIABLE = YES;
				IPHONEOS_DEPLOYMENT_TARGET = 10.3;
				MTL_ENABLE_DEBUG_INFO = YES;
				ONLY_ACTIVE_ARCH = YES;
				SDKROOT = iphoneos;
				SWIFT_ACTIVE_COMPILATION_CONDITIONS = DEBUG;
				SWIFT_OPTIMIZATION_LEVEL = "-Onone";
				TARGETED_DEVICE_FAMILY = "1,2";
			};
			name = Debug;
		};
		193F666D1F2E2FF000D7A05E /* Release */ = {
			isa = XCBuildConfiguration;
			buildSettings = {
				ALWAYS_SEARCH_USER_PATHS = NO;
				CLANG_ANALYZER_NONNULL = YES;
				CLANG_ANALYZER_NUMBER_OBJECT_CONVERSION = YES_AGGRESSIVE;
				CLANG_CXX_LANGUAGE_STANDARD = "gnu++0x";
				CLANG_CXX_LIBRARY = "libc++";
				CLANG_ENABLE_MODULES = YES;
				CLANG_ENABLE_OBJC_ARC = YES;
				CLANG_WARN_BOOL_CONVERSION = YES;
				CLANG_WARN_CONSTANT_CONVERSION = YES;
				CLANG_WARN_DIRECT_OBJC_ISA_USAGE = YES_ERROR;
				CLANG_WARN_DOCUMENTATION_COMMENTS = YES;
				CLANG_WARN_EMPTY_BODY = YES;
				CLANG_WARN_ENUM_CONVERSION = YES;
				CLANG_WARN_INFINITE_RECURSION = YES;
				CLANG_WARN_INT_CONVERSION = YES;
				CLANG_WARN_OBJC_ROOT_CLASS = YES_ERROR;
				CLANG_WARN_SUSPICIOUS_MOVE = YES;
				CLANG_WARN_UNREACHABLE_CODE = YES;
				CLANG_WARN__DUPLICATE_METHOD_MATCH = YES;
				"CODE_SIGN_IDENTITY[sdk=iphoneos*]" = "iPhone Developer";
				COPY_PHASE_STRIP = NO;
				DEBUG_INFORMATION_FORMAT = "dwarf-with-dsym";
				ENABLE_NS_ASSERTIONS = NO;
				ENABLE_STRICT_OBJC_MSGSEND = YES;
				GCC_C_LANGUAGE_STANDARD = gnu99;
				GCC_NO_COMMON_BLOCKS = YES;
				GCC_WARN_64_TO_32_BIT_CONVERSION = YES;
				GCC_WARN_ABOUT_RETURN_TYPE = YES_ERROR;
				GCC_WARN_UNDECLARED_SELECTOR = YES;
				GCC_WARN_UNINITIALIZED_AUTOS = YES_AGGRESSIVE;
				GCC_WARN_UNUSED_FUNCTION = YES;
				GCC_WARN_UNUSED_VARIABLE = YES;
				IPHONEOS_DEPLOYMENT_TARGET = 10.3;
				MTL_ENABLE_DEBUG_INFO = NO;
				SDKROOT = iphoneos;
				SWIFT_OPTIMIZATION_LEVEL = "-Owholemodule";
				TARGETED_DEVICE_FAMILY = "1,2";
				VALIDATE_PRODUCT = YES;
			};
			name = Release;
		};
		193F666F1F2E2FF000D7A05E /* Debug */ = {
			isa = XCBuildConfiguration;
			baseConfigurationReference = CAE5C301CD276E51324A4C2D /* Pods-PokeFinder.debug.xcconfig */;
			buildSettings = {
				ASSETCATALOG_COMPILER_APPICON_NAME = AppIcon;
				DEVELOPMENT_TEAM = 9A2PDJUEFW;
				INFOPLIST_FILE = PokeFinder/Info.plist;
				LD_RUNPATH_SEARCH_PATHS = "$(inherited) @executable_path/Frameworks";
				PRODUCT_BUNDLE_IDENTIFIER = com.rao.PokeFinder;
				PRODUCT_NAME = "$(TARGET_NAME)";
				SWIFT_VERSION = 3.0;
			};
			name = Debug;
		};
		193F66701F2E2FF000D7A05E /* Release */ = {
			isa = XCBuildConfiguration;
			baseConfigurationReference = CE7BAEAF2003278BD1F8EFD9 /* Pods-PokeFinder.release.xcconfig */;
			buildSettings = {
				ASSETCATALOG_COMPILER_APPICON_NAME = AppIcon;
				DEVELOPMENT_TEAM = 9A2PDJUEFW;
				INFOPLIST_FILE = PokeFinder/Info.plist;
				LD_RUNPATH_SEARCH_PATHS = "$(inherited) @executable_path/Frameworks";
				PRODUCT_BUNDLE_IDENTIFIER = com.rao.PokeFinder;
				PRODUCT_NAME = "$(TARGET_NAME)";
				SWIFT_VERSION = 3.0;
			};
			name = Release;
		};
/* End XCBuildConfiguration section */

/* Begin XCConfigurationList section */
		193F66571F2E2FEF00D7A05E /* Build configuration list for PBXProject "PokeFinder" */ = {
			isa = XCConfigurationList;
			buildConfigurations = (
				193F666C1F2E2FF000D7A05E /* Debug */,
				193F666D1F2E2FF000D7A05E /* Release */,
			);
			defaultConfigurationIsVisible = 0;
			defaultConfigurationName = Release;
		};
		193F666E1F2E2FF000D7A05E /* Build configuration list for PBXNativeTarget "PokeFinder" */ = {
			isa = XCConfigurationList;
			buildConfigurations = (
				193F666F1F2E2FF000D7A05E /* Debug */,
				193F66701F2E2FF000D7A05E /* Release */,
			);
			defaultConfigurationIsVisible = 0;
			defaultConfigurationName = Release;
		};
/* End XCConfigurationList section */
	};
	rootObject = 193F66541F2E2FEF00D7A05E /* Project object */;
}
